
Microsoft Visual Studio Solution File, Format Version 12.00
# Visual Studio Version 17
VisualStudioVersion = 17.0.32014.148
MinimumVisualStudioVersion = 10.0.40219.1
Project("{FAE04EC0-301F-11D3-BF4B-00C04F79EFBC}") = "SampleResourceManagementApp", "SampleResourceManagementApp\SampleResourceManagementApp.csproj", "{84086907-2DC9-4114-A41F-25255C4B7E28}"
EndProject
Global
	GlobalSection(SolutionConfigurationPlatforms) = preSolution
		Debug|Any CPU = Debug|Any CPU
		Release|Any CPU = Release|Any CPU
	EndGlobalSection
	GlobalSection(ProjectConfigurationPlatforms) = postSolution
		{84086907-2DC9-4114-A41F-25255C4B7E28}.Debug|Any CPU.ActiveCfg = Debug|Any CPU
		{84086907-2DC9-4114-A41F-25255C4B7E28}.Debug|Any CPU.Build.0 = Debug|Any CPU
		{84086907-2DC9-4114-A41F-25255C4B7E28}.Release|Any CPU.ActiveCfg = Release|Any CPU
		{84086907-2DC9-4114-A41F-25255C4B7E28}.Release|Any CPU.Build.0 = Release|Any CPU
	EndGlobalSection
	GlobalSection(SolutionProperties) = preSolution
		HideSolutionNode = FALSE
	EndGlobalSection
	GlobalSection(ExtensibilityGlobals) = postSolution
		SolutionGuid = {04260247-8D12-48ED-9C07-E94FD138CC4E}
	EndGlobalSection
EndGlobal
